// !$*UTF8*$!
{
	archiveVersion = 1;
	classes = {
	};
	objectVersion = 77;
	objects = {

/* Begin PBXContainerItemProxy section */
		7DDDA1082DC68AB9002F3AFE /* PBXContainerItemProxy */ = {
			isa = PBXContainerItemProxy;
			containerPortal = 7DDDA0EB2DC68AB8002F3AFE /* Project object */;
			proxyType = 1;
			remoteGlobalIDString = 7DDDA0F22DC68AB9002F3AFE;
			remoteInfo = Lolapp;
		};
		7DDDA1122DC68AB9002F3AFE /* PBXContainerItemProxy */ = {
			isa = PBXContainerItemProxy;
			containerPortal = 7DDDA0EB2DC68AB8002F3AFE /* Project object */;
			proxyType = 1;
			remoteGlobalIDString = 7DDDA0F22DC68AB9002F3AFE;
			remoteInfo = Lolapp;
		};
/* End PBXContainerItemProxy section */

/* Begin PBXFileReference section */
		7DDDA0F32DC68AB9002F3AFE /* Lolapp.app */ = {isa = PBXFileReference; explicitFileType = wrapper.application; includeInIndex = 0; path = Lolapp.app; sourceTree = BUILT_PRODUCTS_DIR; };
		7DDDA1072DC68AB9002F3AFE /* LolappTests.xctest */ = {isa = PBXFileReference; explicitFileType = wrapper.cfbundle; includeInIndex = 0; path = LolappTests.xctest; sourceTree = BUILT_PRODUCTS_DIR; };
		7DDDA1112DC68AB9002F3AFE /* LolappUITests.xctest */ = {isa = PBXFileReference; explicitFileType = wrapper.cfbundle; includeInIndex = 0; path = LolappUITests.xctest; sourceTree = BUILT_PRODUCTS_DIR; };
/* End PBXFileReference section */

/* Begin PBXFileSystemSynchronizedBuildFileExceptionSet section */
		7DDDA1192DC68AB9002F3AFE /* Exceptions for "Lolapp" folder in "Lolapp" target */ = {
			isa = PBXFileSystemSynchronizedBuildFileExceptionSet;
			membershipExceptions = (
				Info.plist,
			);
			target = 7DDDA0F22DC68AB9002F3AFE /* Lolapp */;
		};
/* End PBXFileSystemSynchronizedBuildFileExceptionSet section */

/* Begin PBXFileSystemSynchronizedRootGroup section */
		7DDDA0F52DC68AB9002F3AFE /* Lolapp */ = {
			isa = PBXFileSystemSynchronizedRootGroup;
			exceptions = (
				7DDDA1192DC68AB9002F3AFE /* Exceptions for "Lolapp" folder in "Lolapp" target */,
			);
			path = Lolapp;
			sourceTree = "<group>";
		};
		7DDDA10A2DC68AB9002F3AFE /* LolappTests */ = {
			isa = PBXFileSystemSynchronizedRootGroup;
			path = LolappTests;
			sourceTree = "<group>";
		};
		7DDDA1142DC68AB9002F3AFE /* LolappUITests */ = {
			isa = PBXFileSystemSynchronizedRootGroup;
			path = LolappUITests;
			sourceTree = "<group>";
		};
/* End PBXFileSystemSynchronizedRootGroup section */

/* Begin PBXFrameworksBuildPhase section */
		7DDDA0F02DC68AB9002F3AFE /* Frameworks */ = {
			isa = PBXFrameworksBuildPhase;
			buildActionMask = 2147483647;
			files = (
			);
			runOnlyForDeploymentPostprocessing = 0;
		};
		7DDDA1042DC68AB9002F3AFE /* Frameworks */ = {
			isa = PBXFrameworksBuildPhase;
			buildActionMask = 2147483647;
			files = (
			);
			runOnlyForDeploymentPostprocessing = 0;
		};
		7DDDA10E2DC68AB9002F3AFE /* Frameworks */ = {
			isa = PBXFrameworksBuildPhase;
			buildActionMask = 2147483647;
			files = (
			);
			runOnlyForDeploymentPostprocessing = 0;
		};
/* End PBXFrameworksBuildPhase section */

/* Begin PBXGroup section */
		7DDDA0EA2DC68AB8002F3AFE = {
			isa = PBXGroup;
			children = (
				7DDDA0F52DC68AB9002F3AFE /* Lolapp */,
				7DDDA10A2DC68AB9002F3AFE /* LolappTests */,
				7DDDA1142DC68AB9002F3AFE /* LolappUITests */,
				7DDDA0F42DC68AB9002F3AFE /* Products */,
			);
			sourceTree = "<group>";
		};
		7DDDA0F42DC68AB9002F3AFE /* Products */ = {
			isa = PBXGroup;
			children = (
				7DDDA0F32DC68AB9002F3AFE /* Lolapp.app */,
				7DDDA1072DC68AB9002F3AFE /* LolappTests.xctest */,
				7DDDA1112DC68AB9002F3AFE /* LolappUITests.xctest */,
			);
			name = Products;
			sourceTree = "<group>";
		};
/* End PBXGroup section */

/* Begin PBXNativeTarget section */
		7DDDA0F22DC68AB9002F3AFE /* Lolapp */ = {
			isa = PBXNativeTarget;
			buildConfigurationList = 7DDDA11A2DC68AB9002F3AFE /* Build configuration list for PBXNativeTarget "Lolapp" */;
			buildPhases = (
				7DDDA0EF2DC68AB9002F3AFE /* Sources */,
				7DDDA0F02DC68AB9002F3AFE /* Frameworks */,
				7DDDA0F12DC68AB9002F3AFE /* Resources */,
			);
			buildRules = (
			);
			dependencies = (
			);
			fileSystemSynchronizedGroups = (
				7DDDA0F52DC68AB9002F3AFE /* Lolapp */,
			);
			name = Lolapp;
			packageProductDependencies = (
			);
			productName = Lolapp;
			productReference = 7DDDA0F32DC68AB9002F3AFE /* Lolapp.app */;
			productType = "com.apple.product-type.application";
		};
		7DDDA1062DC68AB9002F3AFE /* LolappTests */ = {
			isa = PBXNativeTarget;
			buildConfigurationList = 7DDDA11F2DC68AB9002F3AFE /* Build configuration list for PBXNativeTarget "LolappTests" */;
			buildPhases = (
				7DDDA1032DC68AB9002F3AFE /* Sources */,
				7DDDA1042DC68AB9002F3AFE /* Frameworks */,
				7DDDA1052DC68AB9002F3AFE /* Resources */,
			);
			buildRules = (
			);
			dependencies = (
				7DDDA1092DC68AB9002F3AFE /* PBXTargetDependency */,
			);
			fileSystemSynchronizedGroups = (
				7DDDA10A2DC68AB9002F3AFE /* LolappTests */,
			);
			name = LolappTests;
			packageProductDependencies = (
			);
			productName = LolappTests;
			productReference = 7DDDA1072DC68AB9002F3AFE /* LolappTests.xctest */;
			productType = "com.apple.product-type.bundle.unit-test";
		};
		7DDDA1102DC68AB9002F3AFE /* LolappUITests */ = {
			isa = PBXNativeTarget;
			buildConfigurationList = 7DDDA1222DC68AB9002F3AFE /* Build configuration list for PBXNativeTarget "LolappUITests" */;
			buildPhases = (
				7DDDA10D2DC68AB9002F3AFE /* Sources */,
				7DDDA10E2DC68AB9002F3AFE /* Frameworks */,
				7DDDA10F2DC68AB9002F3AFE /* Resources */,
			);
			buildRules = (
			);
			dependencies = (
				7DDDA1132DC68AB9002F3AFE /* PBXTargetDependency */,
			);
			fileSystemSynchronizedGroups = (
				7DDDA1142DC68AB9002F3AFE /* LolappUITests */,
			);
			name = LolappUITests;
			packageProductDependencies = (
			);
			productName = LolappUITests;
			productReference = 7DDDA1112DC68AB9002F3AFE /* LolappUITests.xctest */;
			productType = "com.apple.product-type.bundle.ui-testing";
		};
/* End PBXNativeTarget section */

/* Begin PBXProject section */
		7DDDA0EB2DC68AB8002F3AFE /* Project object */ = {
			isa = PBXProject;
			attributes = {
				BuildIndependentTargetsInParallel = 1;
				LastSwiftUpdateCheck = 1620;
				LastUpgradeCheck = 1620;
				TargetAttributes = {
					7DDDA0F22DC68AB9002F3AFE = {
						CreatedOnToolsVersion = 16.2;
					};
					7DDDA1062DC68AB9002F3AFE = {
						CreatedOnToolsVersion = 16.2;
						TestTargetID = 7DDDA0F22DC68AB9002F3AFE;
					};
					7DDDA1102DC68AB9002F3AFE = {
						CreatedOnToolsVersion = 16.2;
						TestTargetID = 7DDDA0F22DC68AB9002F3AFE;
					};
				};
			};
			buildConfigurationList = 7DDDA0EE2DC68AB8002F3AFE /* Build configuration list for PBXProject "Lolapp" */;
			developmentRegion = en;
			hasScannedForEncodings = 0;
			knownRegions = (
				en,
				Base,
			);
			mainGroup = 7DDDA0EA2DC68AB8002F3AFE;
			minimizedProjectReferenceProxies = 1;
			preferredProjectObjectVersion = 77;
			productRefGroup = 7DDDA0F42DC68AB9002F3AFE /* Products */;
			projectDirPath = "";
			projectRoot = "";
			targets = (
				7DDDA0F22DC68AB9002F3AFE /* Lolapp */,
				7DDDA1062DC68AB9002F3AFE /* LolappTests */,
				7DDDA1102DC68AB9002F3AFE /* LolappUITests */,
			);
		};
/* End PBXProject section */

/* Begin PBXResourcesBuildPhase section */
		7DDDA0F12DC68AB9002F3AFE /* Resources */ = {
			isa = PBXResourcesBuildPhase;
			buildActionMask = 2147483647;
			files = (
			);
			runOnlyForDeploymentPostprocessing = 0;
		};
		7DDDA1052DC68AB9002F3AFE /* Resources */ = {
			isa = PBXResourcesBuildPhase;
			buildActionMask = 2147483647;
			files = (
			);
			runOnlyForDeploymentPostprocessing = 0;
		};
		7DDDA10F2DC68AB9002F3AFE /* Resources */ = {
			isa = PBXResourcesBuildPhase;
			buildActionMask = 2147483647;
			files = (
			);
			runOnlyForDeploymentPostprocessing = 0;
		};
/* End PBXResourcesBuildPhase section */

/* Begin PBXSourcesBuildPhase section */
		7DDDA0EF2DC68AB9002F3AFE /* Sources */ = {
			isa = PBXSourcesBuildPhase;
			buildActionMask = 2147483647;
			files = (
			);
			runOnlyForDeploymentPostprocessing = 0;
		};
		7DDDA1032DC68AB9002F3AFE /* Sources */ = {
			isa = PBXSourcesBuildPhase;
			buildActionMask = 2147483647;
			files = (
			);
			runOnlyForDeploymentPostprocessing = 0;
		};
		7DDDA10D2DC68AB9002F3AFE /* Sources */ = {
			isa = PBXSourcesBuildPhase;
			buildActionMask = 2147483647;
			files = (
			);
			runOnlyForDeploymentPostprocessing = 0;
		};
/* End PBXSourcesBuildPhase section */

/* Begin PBXTargetDependency section */
		7DDDA1092DC68AB9002F3AFE /* PBXTargetDependency */ = {
			isa = PBXTargetDependency;
			target = 7DDDA0F22DC68AB9002F3AFE /* Lolapp */;
			targetProxy = 7DDDA1082DC68AB9002F3AFE /* PBXContainerItemProxy */;
		};
		7DDDA1132DC68AB9002F3AFE /* PBXTargetDependency */ = {
			isa = PBXTargetDependency;
			target = 7DDDA0F22DC68AB9002F3AFE /* Lolapp */;
			targetProxy = 7DDDA1122DC68AB9002F3AFE /* PBXContainerItemProxy */;
		};
/* End PBXTargetDependency section */

/* Begin XCBuildConfiguration section */
		7DDDA11B2DC68AB9002F3AFE /* Debug */ = {
			isa = XCBuildConfiguration;
			buildSettings = {
				ASSETCATALOG_COMPILER_APPICON_NAME = AppIcon;
				ASSETCATALOG_COMPILER_GLOBAL_ACCENT_COLOR_NAME = AccentColor;
				CODE_SIGN_ENTITLEMENTS = Lolapp/Lolapp.entitlements;
				CODE_SIGN_STYLE = Automatic;
				CURRENT_PROJECT_VERSION = 1;
				DEVELOPMENT_ASSET_PATHS = "\"Lolapp/Preview Content\"";
				DEVELOPMENT_TEAM = BJ74FRMSM2;
				ENABLE_PREVIEWS = YES;
				GENERATE_INFOPLIST_FILE = YES;
				INFOPLIST_FILE = Lolapp/Info.plist;
				INFOPLIST_KEY_UIApplicationSceneManifest_Generation = YES;
				INFOPLIST_KEY_UIApplicationSupportsIndirectInputEvents = YES;
				INFOPLIST_KEY_UILaunchScreen_Generation = YES;
				INFOPLIST_KEY_UISupportedInterfaceOrientations_iPad = "UIInterfaceOrientationPortrait UIInterfaceOrientationPortraitUpsideDown UIInterfaceOrientationLandscapeLeft UIInterfaceOrientationLandscapeRight";
				INFOPLIST_KEY_UISupportedInterfaceOrientations_iPhone = "UIInterfaceOrientationPortrait UIInterfaceOrientationLandscapeLeft UIInterfaceOrientationLandscapeRight";
				IPHONEOS_DEPLOYMENT_TARGET = 18.0;
				LD_RUNPATH_SEARCH_PATHS = (
					"$(inherited)",
					"@executable_path/Frameworks",
				);
				MARKETING_VERSION = 1.0;
				PRODUCT_BUNDLE_IDENTIFIER = com.ephcrat.Lolapp;
				PRODUCT_NAME = "$(TARGET_NAME)";
				SWIFT_EMIT_LOC_STRINGS = YES;
				SWIFT_VERSION = 5.0;
				TARGETED_DEVICE_FAMILY = "1,2";
			};
			name = Debug;
		};
		7DDDA11C2DC68AB9002F3AFE /* Release */ = {
			isa = XCBuildConfiguration;
			buildSettings = {
				ASSETCATALOG_COMPILER_APPICON_NAME = AppIcon;
				ASSETCATALOG_COMPILER_GLOBAL_ACCENT_COLOR_NAME = AccentColor;
				CODE_SIGN_ENTITLEMENTS = Lolapp/Lolapp.entitlements;
				CODE_SIGN_STYLE = Automatic;
				CURRENT_PROJECT_VERSION = 1;
				DEVELOPMENT_ASSET_PATHS = "\"Lolapp/Preview Content\"";
				DEVELOPMENT_TEAM = BJ74FRMSM2;
				ENABLE_PREVIEWS = YES;
				GENERATE_INFOPLIST_FILE = YES;
				INFOPLIST_FILE = Lolapp/Info.plist;
				INFOPLIST_KEY_UIApplicationSceneManifest_Generation = YES;
				INFOPLIST_KEY_UIApplicationSupportsIndirectInputEvents = YES;
				INFOPLIST_KEY_UILaunchScreen_Generation = YES;
				INFOPLIST_KEY_UISupportedInterfaceOrientations_iPad = "UIInterfaceOrientationPortrait UIInterfaceOrientationPortraitUpsideDown UIInterfaceOrientationLandscapeLeft UIInterfaceOrientationLandscapeRight";
				INFOPLIST_KEY_UISupportedInterfaceOrientations_iPhone = "UIInterfaceOrientationPortrait UIInterfaceOrientationLandscapeLeft UIInterfaceOrientationLandscapeRight";
				IPHONEOS_DEPLOYMENT_TARGET = 18.0;
				LD_RUNPATH_SEARCH_PATHS = (
					"$(inherited)",
					"@executable_path/Frameworks",
				);
				MARKETING_VERSION = 1.0;
				PRODUCT_BUNDLE_IDENTIFIER = com.ephcrat.Lolapp;
				PRODUCT_NAME = "$(TARGET_NAME)";
				SWIFT_EMIT_LOC_STRINGS = YES;
				SWIFT_VERSION = 5.0;
				TARGETED_DEVICE_FAMILY = "1,2";
			};
			name = Release;
		};
		7DDDA11D2DC68AB9002F3AFE /* Debug */ = {
			isa = XCBuildConfiguration;
			buildSettings = {
				ALWAYS_SEARCH_USER_PATHS = NO;
				ASSETCATALOG_COMPILER_GENERATE_SWIFT_ASSET_SYMBOL_EXTENSIONS = YES;
				CLANG_ANALYZER_NONNULL = YES;
				CLANG_ANALYZER_NUMBER_OBJECT_CONVERSION = YES_AGGRESSIVE;
				CLANG_CXX_LANGUAGE_STANDARD = "gnu++20";
				CLANG_ENABLE_MODULES = YES;
				CLANG_ENABLE_OBJC_ARC = YES;
				CLANG_ENABLE_OBJC_WEAK = YES;
				CLANG_WARN_BLOCK_CAPTURE_AUTORELEASING = YES;
				CLANG_WARN_BOOL_CONVERSION = YES;
				CLANG_WARN_COMMA = YES;
				CLANG_WARN_CONSTANT_CONVERSION = YES;
				CLANG_WARN_DEPRECATED_OBJC_IMPLEMENTATIONS = YES;
				CLANG_WARN_DIRECT_OBJC_ISA_USAGE = YES_ERROR;
				CLANG_WARN_DOCUMENTATION_COMMENTS = YES;
				CLANG_WARN_EMPTY_BODY = YES;
				CLANG_WARN_ENUM_CONVERSION = YES;
				CLANG_WARN_INFINITE_RECURSION = YES;
				CLANG_WARN_INT_CONVERSION = YES;
				CLANG_WARN_NON_LITERAL_NULL_CONVERSION = YES;
				CLANG_WARN_OBJC_IMPLICIT_RETAIN_SELF = YES;
				CLANG_WARN_OBJC_LITERAL_CONVERSION = YES;
				CLANG_WARN_OBJC_ROOT_CLASS = YES_ERROR;
				CLANG_WARN_QUOTED_INCLUDE_IN_FRAMEWORK_HEADER = YES;
				CLANG_WARN_RANGE_LOOP_ANALYSIS = YES;
				CLANG_WARN_STRICT_PROTOTYPES = YES;
				CLANG_WARN_SUSPICIOUS_MOVE = YES;
				CLANG_WARN_UNGUARDED_AVAILABILITY = YES_AGGRESSIVE;
				CLANG_WARN_UNREACHABLE_CODE = YES;
				CLANG_WARN__DUPLICATE_METHOD_MATCH = YES;
				COPY_PHASE_STRIP = NO;
				DEBUG_INFORMATION_FORMAT = dwarf;
				ENABLE_STRICT_OBJC_MSGSEND = YES;
				ENABLE_TESTABILITY = YES;
				ENABLE_USER_SCRIPT_SANDBOXING = YES;
				GCC_C_LANGUAGE_STANDARD = gnu17;
				GCC_DYNAMIC_NO_PIC = NO;
				GCC_NO_COMMON_BLOCKS = YES;
				GCC_OPTIMIZATION_LEVEL = 0;
				GCC_PREPROCESSOR_DEFINITIONS = (
					"DEBUG=1",
					"$(inherited)",
				);
				GCC_WARN_64_TO_32_BIT_CONVERSION = YES;
				GCC_WARN_ABOUT_RETURN_TYPE = YES_ERROR;
				GCC_WARN_UNDECLARED_SELECTOR = YES;
				GCC_WARN_UNINITIALIZED_AUTOS = YES_AGGRESSIVE;
				GCC_WARN_UNUSED_FUNCTION = YES;
				GCC_WARN_UNUSED_VARIABLE = YES;
				IPHONEOS_DEPLOYMENT_TARGET = 18.2;
				LOCALIZATION_PREFERS_STRING_CATALOGS = YES;
				MTL_ENABLE_DEBUG_INFO = INCLUDE_SOURCE;
				MTL_FAST_MATH = YES;
				ONLY_ACTIVE_ARCH = YES;
				SDKROOT = iphoneos;
				SWIFT_ACTIVE_COMPILATION_CONDITIONS = "DEBUG $(inherited)";
				SWIFT_OPTIMIZATION_LEVEL = "-Onone";
			};
			name = Debug;
		};
		7DDDA11E2DC68AB9002F3AFE /* Release */ = {
			isa = XCBuildConfiguration;
			buildSettings = {
				ALWAYS_SEARCH_USER_PATHS = NO;
				ASSETCATALOG_COMPILER_GENERATE_SWIFT_ASSET_SYMBOL_EXTENSIONS = YES;
				CLANG_ANALYZER_NONNULL = YES;
				CLANG_ANALYZER_NUMBER_OBJECT_CONVERSION = YES_AGGRESSIVE;
				CLANG_CXX_LANGUAGE_STANDARD = "gnu++20";
				CLANG_ENABLE_MODULES = YES;
				CLANG_ENABLE_OBJC_ARC = YES;
				CLANG_ENABLE_OBJC_WEAK = YES;
				CLANG_WARN_BLOCK_CAPTURE_AUTORELEASING = YES;
				CLANG_WARN_BOOL_CONVERSION = YES;
				CLANG_WARN_COMMA = YES;
				CLANG_WARN_CONSTANT_CONVERSION = YES;
				CLANG_WARN_DEPRECATED_OBJC_IMPLEMENTATIONS = YES;
				CLANG_WARN_DIRECT_OBJC_ISA_USAGE = YES_ERROR;
				CLANG_WARN_DOCUMENTATION_COMMENTS = YES;
				CLANG_WARN_EMPTY_BODY = YES;
				CLANG_WARN_ENUM_CONVERSION = YES;
				CLANG_WARN_INFINITE_RECURSION = YES;
				CLANG_WARN_INT_CONVERSION = YES;
				CLANG_WARN_NON_LITERAL_NULL_CONVERSION = YES;
				CLANG_WARN_OBJC_IMPLICIT_RETAIN_SELF = YES;
				CLANG_WARN_OBJC_LITERAL_CONVERSION = YES;
				CLANG_WARN_OBJC_ROOT_CLASS = YES_ERROR;
				CLANG_WARN_QUOTED_INCLUDE_IN_FRAMEWORK_HEADER = YES;
				CLANG_WARN_RANGE_LOOP_ANALYSIS = YES;
				CLANG_WARN_STRICT_PROTOTYPES = YES;
				CLANG_WARN_SUSPICIOUS_MOVE = YES;
				CLANG_WARN_UNGUARDED_AVAILABILITY = YES_AGGRESSIVE;
				CLANG_WARN_UNREACHABLE_CODE = YES;
				CLANG_WARN__DUPLICATE_METHOD_MATCH = YES;
				COPY_PHASE_STRIP = NO;
				DEBUG_INFORMATION_FORMAT = "dwarf-with-dsym";
				ENABLE_NS_ASSERTIONS = NO;
				ENABLE_STRICT_OBJC_MSGSEND = YES;
				ENABLE_USER_SCRIPT_SANDBOXING = YES;
				GCC_C_LANGUAGE_STANDARD = gnu17;
				GCC_NO_COMMON_BLOCKS = YES;
				GCC_WARN_64_TO_32_BIT_CONVERSION = YES;
				GCC_WARN_ABOUT_RETURN_TYPE = YES_ERROR;
				GCC_WARN_UNDECLARED_SELECTOR = YES;
				GCC_WARN_UNINITIALIZED_AUTOS = YES_AGGRESSIVE;
				GCC_WARN_UNUSED_FUNCTION = YES;
				GCC_WARN_UNUSED_VARIABLE = YES;
				IPHONEOS_DEPLOYMENT_TARGET = 18.2;
				LOCALIZATION_PREFERS_STRING_CATALOGS = YES;
				MTL_ENABLE_DEBUG_INFO = NO;
				MTL_FAST_MATH = YES;
				SDKROOT = iphoneos;
				SWIFT_COMPILATION_MODE = wholemodule;
				VALIDATE_PRODUCT = YES;
			};
			name = Release;
		};
		7DDDA1202DC68AB9002F3AFE /* Debug */ = {
			isa = XCBuildConfiguration;
			buildSettings = {
				BUNDLE_LOADER = "$(TEST_HOST)";
				CODE_SIGN_STYLE = Automatic;
				CURRENT_PROJECT_VERSION = 1;
				DEVELOPMENT_TEAM = BJ74FRMSM2;
				GENERATE_INFOPLIST_FILE = YES;
				IPHONEOS_DEPLOYMENT_TARGET = 18.2;
				MARKETING_VERSION = 1.0;
				PRODUCT_BUNDLE_IDENTIFIER = com.ephcrat.LolappTests;
				PRODUCT_NAME = "$(TARGET_NAME)";
				SWIFT_EMIT_LOC_STRINGS = NO;
				SWIFT_VERSION = 5.0;
				TARGETED_DEVICE_FAMILY = "1,2";
				TEST_HOST = "$(BUILT_PRODUCTS_DIR)/Lolapp.app/$(BUNDLE_EXECUTABLE_FOLDER_PATH)/Lolapp";
			};
			name = Debug;
		};
		7DDDA1212DC68AB9002F3AFE /* Release */ = {
			isa = XCBuildConfiguration;
			buildSettings = {
				BUNDLE_LOADER = "$(TEST_HOST)";
				CODE_SIGN_STYLE = Automatic;
				CURRENT_PROJECT_VERSION = 1;
				DEVELOPMENT_TEAM = BJ74FRMSM2;
				GENERATE_INFOPLIST_FILE = YES;
				IPHONEOS_DEPLOYMENT_TARGET = 18.2;
				MARKETING_VERSION = 1.0;
				PRODUCT_BUNDLE_IDENTIFIER = com.ephcrat.LolappTests;
				PRODUCT_NAME = "$(TARGET_NAME)";
				SWIFT_EMIT_LOC_STRINGS = NO;
				SWIFT_VERSION = 5.0;
				TARGETED_DEVICE_FAMILY = "1,2";
				TEST_HOST = "$(BUILT_PRODUCTS_DIR)/Lolapp.app/$(BUNDLE_EXECUTABLE_FOLDER_PATH)/Lolapp";
			};
			name = Release;
		};
		7DDDA1232DC68AB9002F3AFE /* Debug */ = {
			isa = XCBuildConfiguration;
			buildSettings = {
				CODE_SIGN_STYLE = Automatic;
				CURRENT_PROJECT_VERSION = 1;
				DEVELOPMENT_TEAM = BJ74FRMSM2;
				GENERATE_INFOPLIST_FILE = YES;
				MARKETING_VERSION = 1.0;
				PRODUCT_BUNDLE_IDENTIFIER = com.ephcrat.LolappUITests;
				PRODUCT_NAME = "$(TARGET_NAME)";
				SWIFT_EMIT_LOC_STRINGS = NO;
				SWIFT_VERSION = 5.0;
				TARGETED_DEVICE_FAMILY = "1,2";
				TEST_TARGET_NAME = Lolapp;
			};
			name = Debug;
		};
		7DDDA1242DC68AB9002F3AFE /* Release */ = {
			isa = XCBuildConfiguration;
			buildSettings = {
				CODE_SIGN_STYLE = Automatic;
				CURRENT_PROJECT_VERSION = 1;
				DEVELOPMENT_TEAM = BJ74FRMSM2;
				GENERATE_INFOPLIST_FILE = YES;
				MARKETING_VERSION = 1.0;
				PRODUCT_BUNDLE_IDENTIFIER = com.ephcrat.LolappUITests;
				PRODUCT_NAME = "$(TARGET_NAME)";
				SWIFT_EMIT_LOC_STRINGS = NO;
				SWIFT_VERSION = 5.0;
				TARGETED_DEVICE_FAMILY = "1,2";
				TEST_TARGET_NAME = Lolapp;
			};
			name = Release;
		};
/* End XCBuildConfiguration section */

/* Begin XCConfigurationList section */
		7DDDA0EE2DC68AB8002F3AFE /* Build configuration list for PBXProject "Lolapp" */ = {
			isa = XCConfigurationList;
			buildConfigurations = (
				7DDDA11D2DC68AB9002F3AFE /* Debug */,
				7DDDA11E2DC68AB9002F3AFE /* Release */,
			);
			defaultConfigurationIsVisible = 0;
			defaultConfigurationName = Release;
		};
		7DDDA11A2DC68AB9002F3AFE /* Build configuration list for PBXNativeTarget "Lolapp" */ = {
			isa = XCConfigurationList;
			buildConfigurations = (
				7DDDA11B2DC68AB9002F3AFE /* Debug */,
				7DDDA11C2DC68AB9002F3AFE /* Release */,
			);
			defaultConfigurationIsVisible = 0;
			defaultConfigurationName = Release;
		};
		7DDDA11F2DC68AB9002F3AFE /* Build configuration list for PBXNativeTarget "LolappTests" */ = {
			isa = XCConfigurationList;
			buildConfigurations = (
				7DDDA1202DC68AB9002F3AFE /* Debug */,
				7DDDA1212DC68AB9002F3AFE /* Release */,
			);
			defaultConfigurationIsVisible = 0;
			defaultConfigurationName = Release;
		};
		7DDDA1222DC68AB9002F3AFE /* Build configuration list for PBXNativeTarget "LolappUITests" */ = {
			isa = XCConfigurationList;
			buildConfigurations = (
				7DDDA1232DC68AB9002F3AFE /* Debug */,
				7DDDA1242DC68AB9002F3AFE /* Release */,
			);
			defaultConfigurationIsVisible = 0;
			defaultConfigurationName = Release;
		};
/* End XCConfigurationList section */
	};
	rootObject = 7DDDA0EB2DC68AB8002F3AFE /* Project object */;
}
